// !$*UTF8*$!
{
	archiveVersion = 1;
	classes = {
	};
	objectVersion = 50;
	objects = {

/* Begin PBXBuildFile section */
		A02A0EA12417175B00BD74CA /* AppDelegate.swift in Sources */ = {isa = PBXBuildFile; fileRef = A02A0EA02417175B00BD74CA /* AppDelegate.swift */; };
		A02A0EA32417175B00BD74CA /* SceneDelegate.swift in Sources */ = {isa = PBXBuildFile; fileRef = A02A0EA22417175B00BD74CA /* SceneDelegate.swift */; };
		A02A0EA52417175B00BD74CA /* ViewController.swift in Sources */ = {isa = PBXBuildFile; fileRef = A02A0EA42417175B00BD74CA /* ViewController.swift */; };
		A02A0EA82417175B00BD74CA /* Main.storyboard in Resources */ = {isa = PBXBuildFile; fileRef = A02A0EA62417175B00BD74CA /* Main.storyboard */; };
		A02A0EAA2417175D00BD74CA /* Assets.xcassets in Resources */ = {isa = PBXBuildFile; fileRef = A02A0EA92417175D00BD74CA /* Assets.xcassets */; };
		A02A0EAD2417175D00BD74CA /* LaunchScreen.storyboard in Resources */ = {isa = PBXBuildFile; fileRef = A02A0EAB2417175D00BD74CA /* LaunchScreen.storyboard */; };
/* End PBXBuildFile section */

/* Begin PBXFileReference section */
		A02A0E9D2417175B00BD74CA /* 2020-03-09-SFSUSwitch-LeighJin.app */ = {isa = PBXFileReference; explicitFileType = wrapper.application; includeInIndex = 0; path = "2020-03-09-SFSUSwitch-LeighJin.app"; sourceTree = BUILT_PRODUCTS_DIR; };
		A02A0EA02417175B00BD74CA /* AppDelegate.swift */ = {isa = PBXFileReference; lastKnownFileType = sourcecode.swift; path = AppDelegate.swift; sourceTree = "<group>"; };
		A02A0EA22417175B00BD74CA /* SceneDelegate.swift */ = {isa = PBXFileReference; lastKnownFileType = sourcecode.swift; path = SceneDelegate.swift; sourceTree = "<group>"; };
		A02A0EA42417175B00BD74CA /* ViewController.swift */ = {isa = PBXFileReference; lastKnownFileType = sourcecode.swift; path = ViewController.swift; sourceTree = "<group>"; };
		A02A0EA72417175B00BD74CA /* Base */ = {isa = PBXFileReference; lastKnownFileType = file.storyboard; name = Base; path = Base.lproj/Main.storyboard; sourceTree = "<group>"; };
		A02A0EA92417175D00BD74CA /* Assets.xcassets */ = {isa = PBXFileReference; lastKnownFileType = folder.assetcatalog; path = Assets.xcassets; sourceTree = "<group>"; };
		A02A0EAC2417175D00BD74CA /* Base */ = {isa = PBXFileReference; lastKnownFileType = file.storyboard; name = Base; path = Base.lproj/LaunchScreen.storyboard; sourceTree = "<group>"; };
		A02A0EAE2417175D00BD74CA /* Info.plist */ = {isa = PBXFileReference; lastKnownFileType = text.plist.xml; path = Info.plist; sourceTree = "<group>"; };
/* End PBXFileReference section */

/* Begin PBXFrameworksBuildPhase section */
		A02A0E9A2417175B00BD74CA /* Frameworks */ = {
			isa = PBXFrameworksBuildPhase;
			buildActionMask = 2147483647;
			files = (
			);
			runOnlyForDeploymentPostprocessing = 0;
		};
/* End PBXFrameworksBuildPhase section */

/* Begin PBXGroup section */
		A02A0E942417175B00BD74CA = {
			isa = PBXGroup;
			children = (
				A02A0E9F2417175B00BD74CA /* 2020-03-09-SFSUSwitch-LeighJin */,
				A02A0E9E2417175B00BD74CA /* Products */,
			);
			sourceTree = "<group>";
		};
		A02A0E9E2417175B00BD74CA /* Products */ = {
			isa = PBXGroup;
			children = (
				A02A0E9D2417175B00BD74CA /* 2020-03-09-SFSUSwitch-LeighJin.app */,
			);
			name = Products;
			sourceTree = "<group>";
		};
		A02A0E9F2417175B00BD74CA /* 2020-03-09-SFSUSwitch-LeighJin */ = {
			isa = PBXGroup;
			children = (
				A02A0EA02417175B00BD74CA /* AppDelegate.swift */,
				A02A0EA22417175B00BD74CA /* SceneDelegate.swift */,
				A02A0EA42417175B00BD74CA /* ViewController.swift */,
				A02A0EA62417175B00BD74CA /* Main.storyboard */,
				A02A0EA92417175D00BD74CA /* Assets.xcassets */,
				A02A0EAB2417175D00BD74CA /* LaunchScreen.storyboard */,
				A02A0EAE2417175D00BD74CA /* Info.plist */,
			);
			path = "2020-03-09-SFSUSwitch-LeighJin";
			sourceTree = "<group>";
		};
/* End PBXGroup section */

/* Begin PBXNativeTarget section */
		A02A0E9C2417175B00BD74CA /* 2020-03-09-SFSUSwitch-LeighJin */ = {
			isa = PBXNativeTarget;
			buildConfigurationList = A02A0EB12417175D00BD74CA /* Build configuration list for PBXNativeTarget "2020-03-09-SFSUSwitch-LeighJin" */;
			buildPhases = (
				A02A0E992417175B00BD74CA /* Sources */,
				A02A0E9A2417175B00BD74CA /* Frameworks */,
				A02A0E9B2417175B00BD74CA /* Resources */,
			);
			buildRules = (
			);
			dependencies = (
			);
			name = "2020-03-09-SFSUSwitch-LeighJin";
			productName = "2020-03-09-SFSUSwitch-LeighJin";
			productReference = A02A0E9D2417175B00BD74CA /* 2020-03-09-SFSUSwitch-LeighJin.app */;
			productType = "com.apple.product-type.application";
		};
/* End PBXNativeTarget section */

/* Begin PBXProject section */
		A02A0E952417175B00BD74CA /* Project object */ = {
			isa = PBXProject;
			attributes = {
				LastSwiftUpdateCheck = 1130;
				LastUpgradeCheck = 1130;
				ORGANIZATIONNAME = SFSU;
				TargetAttributes = {
					A02A0E9C2417175B00BD74CA = {
						CreatedOnToolsVersion = 11.3.1;
					};
				};
			};
			buildConfigurationList = A02A0E982417175B00BD74CA /* Build configuration list for PBXProject "2020-03-09-SFSUSwitch-LeighJin" */;
			compatibilityVersion = "Xcode 9.3";
			developmentRegion = en;
			hasScannedForEncodings = 0;
			knownRegions = (
				en,
				Base,
			);
			mainGroup = A02A0E942417175B00BD74CA;
			productRefGroup = A02A0E9E2417175B00BD74CA /* Products */;
			projectDirPath = "";
			projectRoot = "";
			targets = (
				A02A0E9C2417175B00BD74CA /* 2020-03-09-SFSUSwitch-LeighJin */,
			);
		};
/* End PBXProject section */

/* Begin PBXResourcesBuildPhase section */
		A02A0E9B2417175B00BD74CA /* Resources */ = {
			isa = PBXResourcesBuildPhase;
			buildActionMask = 2147483647;
			files = (
				A02A0EAD2417175D00BD74CA /* LaunchScreen.storyboard in Resources */,
				A02A0EAA2417175D00BD74CA /* Assets.xcassets in Resources */,
				A02A0EA82417175B00BD74CA /* Main.storyboard in Resources */,
			);
			runOnlyForDeploymentPostprocessing = 0;
		};
/* End PBXResourcesBuildPhase section */

/* Begin PBXSourcesBuildPhase section */
		A02A0E992417175B00BD74CA /* Sources */ = {
			isa = PBXSourcesBuildPhase;
			buildActionMask = 2147483647;
			files = (
				A02A0EA52417175B00BD74CA /* ViewController.swift in Sources */,
				A02A0EA12417175B00BD74CA /* AppDelegate.swift in Sources */,
				A02A0EA32417175B00BD74CA /* SceneDelegate.swift in Sources */,
			);
			runOnlyForDeploymentPostprocessing = 0;
		};
/* End PBXSourcesBuildPhase section */

/* Begin PBXVariantGroup section */
		A02A0EA62417175B00BD74CA /* Main.storyboard */ = {
			isa = PBXVariantGroup;
			children = (
				A02A0EA72417175B00BD74CA /* Base */,
			);
			name = Main.storyboard;
			sourceTree = "<group>";
		};
		A02A0EAB2417175D00BD74CA /* LaunchScreen.storyboard */ = {
			isa = PBXVariantGroup;
			children = (
				A02A0EAC2417175D00BD74CA /* Base */,
			);
			name = LaunchScreen.storyboard;
			sourceTree = "<group>";
		};
/* End PBXVariantGroup section */

/* Begin XCBuildConfiguration section */
		A02A0EAF2417175D00BD74CA /* Debug */ = {
			isa = XCBuildConfiguration;
			buildSettings = {
				ALWAYS_SEARCH_USER_PATHS = NO;
				CLANG_ANALYZER_NONNULL = YES;
				CLANG_ANALYZER_NUMBER_OBJECT_CONVERSION = YES_AGGRESSIVE;
				CLANG_CXX_LANGUAGE_STANDARD = "gnu++14";
				CLANG_CXX_LIBRARY = "libc++";
				CLANG_ENABLE_MODULES = YES;
				CLANG_ENABLE_OBJC_ARC = YES;
				CLANG_ENABLE_OBJC_WEAK = YES;
				CLANG_WARN_BLOCK_CAPTURE_AUTORELEASING = YES;
				CLANG_WARN_BOOL_CONVERSION = YES;
				CLANG_WARN_COMMA = YES;
				CLANG_WARN_CONSTANT_CONVERSION = YES;
				CLANG_WARN_DEPRECATED_OBJC_IMPLEMENTATIONS = YES;
				CLANG_WARN_DIRECT_OBJC_ISA_USAGE = YES_ERROR;
				CLANG_WARN_DOCUMENTATION_COMMENTS = YES;
				CLANG_WARN_EMPTY_BODY = YES;
				CLANG_WARN_ENUM_CONVERSION = YES;
				CLANG_WARN_INFINITE_RECURSION = YES;
				CLANG_WARN_INT_CONVERSION = YES;
				CLANG_WARN_NON_LITERAL_NULL_CONVERSION = YES;
				CLANG_WARN_OBJC_IMPLICIT_RETAIN_SELF = YES;
				CLANG_WARN_OBJC_LITERAL_CONVERSION = YES;
				CLANG_WARN_OBJC_ROOT_CLASS = YES_ERROR;
				CLANG_WARN_RANGE_LOOP_ANALYSIS = YES;
				CLANG_WARN_STRICT_PROTOTYPES = YES;
				CLANG_WARN_SUSPICIOUS_MOVE = YES;
				CLANG_WARN_UNGUARDED_AVAILABILITY = YES_AGGRESSIVE;
				CLANG_WARN_UNREACHABLE_CODE = YES;
				CLANG_WARN__DUPLICATE_METHOD_MATCH = YES;
				COPY_PHASE_STRIP = NO;
				DEBUG_INFORMATION_FORMAT = dwarf;
				ENABLE_STRICT_OBJC_MSGSEND = YES;
				ENABLE_TESTABILITY = YES;
				GCC_C_LANGUAGE_STANDARD = gnu11;
				GCC_DYNAMIC_NO_PIC = NO;
				GCC_NO_COMMON_BLOCKS = YES;
				GCC_OPTIMIZATION_LEVEL = 0;
				GCC_PREPROCESSOR_DEFINITIONS = (
					"DEBUG=1",
					"$(inherited)",
				);
				GCC_WARN_64_TO_32_BIT_CONVERSION = YES;
				GCC_WARN_ABOUT_RETURN_TYPE = YES_ERROR;
				GCC_WARN_UNDECLARED_SELECTOR = YES;
				GCC_WARN_UNINITIALIZED_AUTOS = YES_AGGRESSIVE;
				GCC_WARN_UNUSED_FUNCTION = YES;
				GCC_WARN_UNUSED_VARIABLE = YES;
				IPHONEOS_DEPLOYMENT_TARGET = 13.2;
				MTL_ENABLE_DEBUG_INFO = INCLUDE_SOURCE;
				MTL_FAST_MATH = YES;
				ONLY_ACTIVE_ARCH = YES;
				SDKROOT = iphoneos;
				SWIFT_ACTIVE_COMPILATION_CONDITIONS = DEBUG;
				SWIFT_OPTIMIZATION_LEVEL = "-Onone";
			};
			name = Debug;
		};
		A02A0EB02417175D00BD74CA /* Release */ = {
			isa = XCBuildConfiguration;
			buildSettings = {
				ALWAYS_SEARCH_USER_PATHS = NO;
				CLANG_ANALYZER_NONNULL = YES;
				CLANG_ANALYZER_NUMBER_OBJECT_CONVERSION = YES_AGGRESSIVE;
				CLANG_CXX_LANGUAGE_STANDARD = "gnu++14";
				CLANG_CXX_LIBRARY = "libc++";
				CLANG_ENABLE_MODULES = YES;
				CLANG_ENABLE_OBJC_ARC = YES;
				CLANG_ENABLE_OBJC_WEAK = YES;
				CLANG_WARN_BLOCK_CAPTURE_AUTORELEASING = YES;
				CLANG_WARN_BOOL_CONVERSION = YES;
				CLANG_WARN_COMMA = YES;
				CLANG_WARN_CONSTANT_CONVERSION = YES;
				CLANG_WARN_DEPRECATED_OBJC_IMPLEMENTATIONS = YES;
				CLANG_WARN_DIRECT_OBJC_ISA_USAGE = YES_ERROR;
				CLANG_WARN_DOCUMENTATION_COMMENTS = YES;
				CLANG_WARN_EMPTY_BODY = YES;
				CLANG_WARN_ENUM_CONVERSION = YES;
				CLANG_WARN_INFINITE_RECURSION = YES;
				CLANG_WARN_INT_CONVERSION = YES;
				CLANG_WARN_NON_LITERAL_NULL_CONVERSION = YES;
				CLANG_WARN_OBJC_IMPLICIT_RETAIN_SELF = YES;
				CLANG_WARN_OBJC_LITERAL_CONVERSION = YES;
				CLANG_WARN_OBJC_ROOT_CLASS = YES_ERROR;
				CLANG_WARN_RANGE_LOOP_ANALYSIS = YES;
				CLANG_WARN_STRICT_PROTOTYPES = YES;
				CLANG_WARN_SUSPICIOUS_MOVE = YES;
				CLANG_WARN_UNGUARDED_AVAILABILITY = YES_AGGRESSIVE;
				CLANG_WARN_UNREACHABLE_CODE = YES;
				CLANG_WARN__DUPLICATE_METHOD_MATCH = YES;
				COPY_PHASE_STRIP = NO;
				DEBUG_INFORMATION_FORMAT = "dwarf-with-dsym";
				ENABLE_NS_ASSERTIONS = NO;
				ENABLE_STRICT_OBJC_MSGSEND = YES;
				GCC_C_LANGUAGE_STANDARD = gnu11;
				GCC_NO_COMMON_BLOCKS = YES;
				GCC_WARN_64_TO_32_BIT_CONVERSION = YES;
				GCC_WARN_ABOUT_RETURN_TYPE = YES_ERROR;
				GCC_WARN_UNDECLARED_SELECTOR = YES;
				GCC_WARN_UNINITIALIZED_AUTOS = YES_AGGRESSIVE;
				GCC_WARN_UNUSED_FUNCTION = YES;
				GCC_WARN_UNUSED_VARIABLE = YES;
				IPHONEOS_DEPLOYMENT_TARGET = 13.2;
				MTL_ENABLE_DEBUG_INFO = NO;
				MTL_FAST_MATH = YES;
				SDKROOT = iphoneos;
				SWIFT_COMPILATION_MODE = wholemodule;
				SWIFT_OPTIMIZATION_LEVEL = "-O";
				VALIDATE_PRODUCT = YES;
			};
			name = Release;
		};
		A02A0EB22417175D00BD74CA /* Debug */ = {
			isa = XCBuildConfiguration;
			buildSettings = {
				ASSETCATALOG_COMPILER_APPICON_NAME = AppIcon;
				CODE_SIGN_STYLE = Automatic;
				DEVELOPMENT_TEAM = Y9Q28763K8;
				INFOPLIST_FILE = "2020-03-09-SFSUSwitch-LeighJin/Info.plist";
				LD_RUNPATH_SEARCH_PATHS = (
					"$(inherited)",
					"@executable_path/Frameworks",
				);
				PRODUCT_BUNDLE_IDENTIFIER = "edu.sfsu.-020-03-09-SFSUSwitch-LeighJin";
				PRODUCT_NAME = "$(TARGET_NAME)";
				SWIFT_VERSION = 5.0;
				TARGETED_DEVICE_FAMILY = "1,2";
			};
			name = Debug;
		};
		A02A0EB32417175D00BD74CA /* Release */ = {
			isa = XCBuildConfiguration;
			buildSettings = {
				ASSETCATALOG_COMPILER_APPICON_NAME = AppIcon;
				CODE_SIGN_STYLE = Automatic;
				DEVELOPMENT_TEAM = Y9Q28763K8;
				INFOPLIST_FILE = "2020-03-09-SFSUSwitch-LeighJin/Info.plist";
				LD_RUNPATH_SEARCH_PATHS = (
					"$(inherited)",
					"@executable_path/Frameworks",
				);
				PRODUCT_BUNDLE_IDENTIFIER = "edu.sfsu.-020-03-09-SFSUSwitch-LeighJin";
				PRODUCT_NAME = "$(TARGET_NAME)";
				SWIFT_VERSION = 5.0;
				TARGETED_DEVICE_FAMILY = "1,2";
			};
			name = Release;
		};
/* End XCBuildConfiguration section */

/* Begin XCConfigurationList section */
		A02A0E982417175B00BD74CA /* Build configuration list for PBXProject "2020-03-09-SFSUSwitch-LeighJin" */ = {
			isa = XCConfigurationList;
			buildConfigurations = (
				A02A0EAF2417175D00BD74CA /* Debug */,
				A02A0EB02417175D00BD74CA /* Release */,
			);
			defaultConfigurationIsVisible = 0;
			defaultConfigurationName = Release;
		};
		A02A0EB12417175D00BD74CA /* Build configuration list for PBXNativeTarget "2020-03-09-SFSUSwitch-LeighJin" */ = {
			isa = XCConfigurationList;
			buildConfigurations = (
				A02A0EB22417175D00BD74CA /* Debug */,
				A02A0EB32417175D00BD74CA /* Release */,
			);
			defaultConfigurationIsVisible = 0;
			defaultConfigurationName = Release;
		};
/* End XCConfigurationList section */
	};
	rootObject = A02A0E952417175B00BD74CA /* Project object */;
}
